
Microsoft Visual Studio Solution File, Format Version 12.00
# Visual Studio Version 16
VisualStudioVersion = 16.0.30413.136
MinimumVisualStudioVersion = 10.0.40219.1
Project("{FAE04EC0-301F-11D3-BF4B-00C04F79EFBC}") = "HiyobiDownloader", "HiyobiDownloader\HiyobiDownloader.csproj", "{7626CCDB-BCCB-48A4-9965-2A6EDCFB14F7}"
EndProject
Global
	GlobalSection(SolutionConfigurationPlatforms) = preSolution
		Debug|Any CPU = Debug|Any CPU
		Release|Any CPU = Release|Any CPU
	EndGlobalSection
	GlobalSection(ProjectConfigurationPlatforms) = postSolution
		{7626CCDB-BCCB-48A4-9965-2A6EDCFB14F7}.Debug|Any CPU.ActiveCfg = Debug|Any CPU
		{7626CCDB-BCCB-48A4-9965-2A6EDCFB14F7}.Debug|Any CPU.Build.0 = Debug|Any CPU
		{7626CCDB-BCCB-48A4-9965-2A6EDCFB14F7}.Release|Any CPU.ActiveCfg = Release|Any CPU
		{7626CCDB-BCCB-48A4-9965-2A6EDCFB14F7}.Release|Any CPU.Build.0 = Release|Any CPU
	EndGlobalSection
	GlobalSection(SolutionProperties) = preSolution
		HideSolutionNode = FALSE
	EndGlobalSection
	GlobalSection(ExtensibilityGlobals) = postSolution
		SolutionGuid = {52FAC13E-4338-4425-A287-5E2B34AC8AFB}
	EndGlobalSection
EndGlobal
